lockfileVersion: '9.0'

settings:
  autoInstallPeers: true
  excludeLinksFromLockfile: false

pnpmfileChecksum: sha256-1AZ7IYsOcNT3qnTTrMZZrNcXwrMCEjWtrwDoh1lposw=

importers:

  .:
    dependencies:
      '@clack/prompts':
        specifier: ^0.11.0
        version: 0.11.0
      nano-spawn:
        specifier: ^1.0.2
        version: 1.0.2
      tar:
        specifier: ^7.4.3
        version: 7.4.3
    devDependencies:
      '@hyrious/configs':
        specifier: ^0.1.4
        version: 0.1.4
      '@types/node':
        specifier: ^24.3.0
        version: 24.3.0

packages:

  '@clack/core@0.5.0':
    resolution: {integrity: sha512-p3y0FIOwaYRUPRcMO7+dlmLh8PSRcrjuTndsiA0WAFbWES0mLZlrjVoBRZ9DzkPFJZG6KGkJmoEAY0ZcVWTkow==}

  '@clack/prompts@0.11.0':
    resolution: {integrity: sha512-pMN5FcrEw9hUkZA4f+zLlzivQSeQf5dRGJjSUbvVYDLvpKCdQx5OaknvKzgbtXOizhP+SJJJjqEbOe55uKKfAw==}

  '@hyrious/configs@0.1.4':
    resolution: {integrity: sha512-EZGGqeBaSl+pngsRVYMyFBgYWFmlSw76UjsZLP8hHwNb0VMufhf4OtULWx5UHM228wJBC3vVZq0Tvqz0zikM8g==}

  '@isaacs/fs-minipass@4.0.1':
    resolution: {integrity: sha512-wgm9Ehl2jpeqP3zw/7mo3kRHFp5MEDhqAdwy1fTGkHAwnkGOVsgpvQhL8B5n1qlb01jV3n/bI0ZfZp5lWA1k4w==}
    engines: {node: '>=18.0.0'}

  '@types/node@24.3.0':
    resolution: {integrity: sha512-aPTXCrfwnDLj4VvXrm+UUCQjNEvJgNA8s5F1cvwQU+3KNltTOkBm1j30uNLyqqPNe7gE3KFzImYoZEfLhp4Yow==}

  chownr@3.0.0:
    resolution: {integrity: sha512-+IxzY9BZOQd/XuYPRmrvEVjF/nqj5kgT4kEq7VofrDoM1MxoRjEWkrCC3EtLi59TVawxTAn+orJwFQcrqEN1+g==}
    engines: {node: '>=18'}

  minipass@7.1.2:
    resolution: {integrity: sha512-qOOzS1cBTWYF4BH8fVePDBOO9iptMnGUEZwNc/cMWnTV2nVLZ7VoNWEPHkYczZA0pdoA7dl6e7FL659nX9S2aw==}
    engines: {node: '>=16 || 14 >=14.17'}

  minizlib@3.0.2:
    resolution: {integrity: sha512-oG62iEk+CYt5Xj2YqI5Xi9xWUeZhDI8jjQmC5oThVH5JGCTgIjr7ciJDzC7MBzYd//WvR1OTmP5Q38Q8ShQtVA==}
    engines: {node: '>= 18'}

  mkdirp@3.0.1:
    resolution: {integrity: sha512-+NsyUUAZDmo6YVHzL/stxSu3t9YS1iljliy3BSDrXJ/dkn1KYdmtZODGGjLcc9XLgVVpH4KshHB8XmZgMhaBXg==}
    engines: {node: '>=10'}
    hasBin: true

  nano-spawn@1.0.2:
    resolution: {integrity: sha512-21t+ozMQDAL/UGgQVBbZ/xXvNO10++ZPuTmKRO8k9V3AClVRht49ahtDjfY8l1q6nSHOrE5ASfthzH3ol6R/hg==}
    engines: {node: '>=20.17'}

  picocolors@1.1.1:
    resolution: {integrity: sha512-xceH2snhtb5M9liqDsmEw56le376mTZkEX/jEb/RxNFyegNul7eNslCXP9FDj/Lcu0X8KEyMceP2ntpaHrDEVA==}

  sisteransi@1.0.5:
    resolution: {integrity: sha512-bLGGlR1QxBcynn2d5YmDX4MGjlZvy2MRBDRNHLJ8VI6l6+9FUiyTFNJ0IveOSP0bcXgVDPRcfGqA0pjaqUpfVg==}

  tar@7.4.3:
    resolution: {integrity: sha512-5S7Va8hKfV7W5U6g3aYxXmlPoZVAwUMy9AOKyF2fVuZa2UD3qZjg578OrLRt8PcNN1PleVaL/5/yYATNL0ICUw==}
    engines: {node: '>=18'}

  undici-types@7.10.0:
    resolution: {integrity: sha512-t5Fy/nfn+14LuOc2KNYg75vZqClpAiqscVvMygNnlsHBFpSXdJaYtXMcdNLpl/Qvc3P2cB3s6lOV51nqsFq4ag==}

  yallist@5.0.0:
    resolution: {integrity: sha512-YgvUTfwqyc7UXVMrB+SImsVYSmTS8X/tSrtdNZMImM+n7+QTriRXyXim0mBrTXNeqzVF0KWGgHPeiyViFFrNDw==}
    engines: {node: '>=18'}

snapshots:

  '@clack/core@0.5.0':
    dependencies:
      picocolors: 1.1.1
      sisteransi: 1.0.5

  '@clack/prompts@0.11.0':
    dependencies:
      '@clack/core': 0.5.0
      picocolors: 1.1.1
      sisteransi: 1.0.5

  '@hyrious/configs@0.1.4': {}

  '@isaacs/fs-minipass@4.0.1':
    dependencies:
      minipass: 7.1.2

  '@types/node@24.3.0':
    dependencies:
      undici-types: 7.10.0

  chownr@3.0.0: {}

  minipass@7.1.2: {}

  minizlib@3.0.2:
    dependencies:
      minipass: 7.1.2

  mkdirp@3.0.1: {}

  nano-spawn@1.0.2: {}

  picocolors@1.1.1: {}

  sisteransi@1.0.5: {}

  tar@7.4.3:
    dependencies:
      '@isaacs/fs-minipass': 4.0.1
      chownr: 3.0.0
      minipass: 7.1.2
      minizlib: 3.0.2
      mkdirp: 3.0.1
      yallist: 5.0.0

  undici-types@7.10.0: {}

  yallist@5.0.0: {}
